
Microsoft Visual Studio Solution File, Format Version 12.00
# Visual Studio 15
Project("{FAE04EC0-301F-11D3-BF4B-00C04F79EFBC}") = "week5.2", "week5.2.csproj", "{A8D4A17B-2C2E-423B-9A2F-582EDC276C57}"
EndProject
Global
	GlobalSection(SolutionConfigurationPlatforms) = preSolution
		Debug|Any CPU = Debug|Any CPU
		Release|Any CPU = Release|Any CPU
	EndGlobalSection
	GlobalSection(ProjectConfigurationPlatforms) = postSolution
		{A8D4A17B-2C2E-423B-9A2F-582EDC276C57}.Debug|Any CPU.ActiveCfg = Debug|Any CPU
		{A8D4A17B-2C2E-423B-9A2F-582EDC276C57}.Debug|Any CPU.Build.0 = Debug|Any CPU
		{A8D4A17B-2C2E-423B-9A2F-582EDC276C57}.Release|Any CPU.ActiveCfg = Release|Any CPU
		{A8D4A17B-2C2E-423B-9A2F-582EDC276C57}.Release|Any CPU.Build.0 = Release|Any CPU
	EndGlobalSection
EndGlobal
