
Microsoft Visual Studio Solution File, Format Version 12.00
# Visual Studio 15
VisualStudioVersion = 15.0.28307.329
MinimumVisualStudioVersion = 10.0.40219.1
Project("{FAE04EC0-301F-11D3-BF4B-00C04F79EFBC}") = "Task4", "Task4\Task4.csproj", "{7B471574-8F21-4AE0-BC2C-713FCE9CE364}"
EndProject
Global
	GlobalSection(SolutionConfigurationPlatforms) = preSolution
		Debug|Any CPU = Debug|Any CPU
		Release|Any CPU = Release|Any CPU
	EndGlobalSection
	GlobalSection(ProjectConfigurationPlatforms) = postSolution
		{7B471574-8F21-4AE0-BC2C-713FCE9CE364}.Debug|Any CPU.ActiveCfg = Debug|Any CPU
		{7B471574-8F21-4AE0-BC2C-713FCE9CE364}.Debug|Any CPU.Build.0 = Debug|Any CPU
		{7B471574-8F21-4AE0-BC2C-713FCE9CE364}.Release|Any CPU.ActiveCfg = Release|Any CPU
		{7B471574-8F21-4AE0-BC2C-713FCE9CE364}.Release|Any CPU.Build.0 = Release|Any CPU
	EndGlobalSection
	GlobalSection(SolutionProperties) = preSolution
		HideSolutionNode = FALSE
	EndGlobalSection
	GlobalSection(ExtensibilityGlobals) = postSolution
		SolutionGuid = {07A69BD5-C5F6-442B-A0AA-155BE1A28331}
	EndGlobalSection
EndGlobal
