
Microsoft Visual Studio Solution File, Format Version 12.00
# Visual Studio 15
Project("{FAE04EC0-301F-11D3-BF4B-00C04F79EFBC}") = "week7.1", "week7.1\week7.1.csproj", "{068F60A2-60D9-4ECC-BDA2-CD700EB30B25}"
EndProject
Global
	GlobalSection(SolutionConfigurationPlatforms) = preSolution
		Debug|Any CPU = Debug|Any CPU
		Release|Any CPU = Release|Any CPU
	EndGlobalSection
	GlobalSection(ProjectConfigurationPlatforms) = postSolution
		{068F60A2-60D9-4ECC-BDA2-CD700EB30B25}.Debug|Any CPU.ActiveCfg = Debug|Any CPU
		{068F60A2-60D9-4ECC-BDA2-CD700EB30B25}.Debug|Any CPU.Build.0 = Debug|Any CPU
		{068F60A2-60D9-4ECC-BDA2-CD700EB30B25}.Release|Any CPU.ActiveCfg = Release|Any CPU
		{068F60A2-60D9-4ECC-BDA2-CD700EB30B25}.Release|Any CPU.Build.0 = Release|Any CPU
	EndGlobalSection
EndGlobal
