
Microsoft Visual Studio Solution File, Format Version 12.00
# Visual Studio 15
Project("{FAE04EC0-301F-11D3-BF4B-00C04F79EFBC}") = "task1", "task1\task1.csproj", "{EE95EE86-EB5B-4858-BA4D-66B2BD1D2628}"
EndProject
Global
	GlobalSection(SolutionConfigurationPlatforms) = preSolution
		Debug|Any CPU = Debug|Any CPU
		Release|Any CPU = Release|Any CPU
	EndGlobalSection
	GlobalSection(ProjectConfigurationPlatforms) = postSolution
		{EE95EE86-EB5B-4858-BA4D-66B2BD1D2628}.Debug|Any CPU.ActiveCfg = Debug|Any CPU
		{EE95EE86-EB5B-4858-BA4D-66B2BD1D2628}.Debug|Any CPU.Build.0 = Debug|Any CPU
		{EE95EE86-EB5B-4858-BA4D-66B2BD1D2628}.Release|Any CPU.ActiveCfg = Release|Any CPU
		{EE95EE86-EB5B-4858-BA4D-66B2BD1D2628}.Release|Any CPU.Build.0 = Release|Any CPU
	EndGlobalSection
EndGlobal
